
Microsoft Visual Studio Solution File, Format Version 12.00
# Visual Studio Version 17
VisualStudioVersion = 17.0.31919.166
MinimumVisualStudioVersion = 10.0.40219.1
Project("{FAE04EC0-301F-11D3-BF4B-00C04F79EFBC}") = "Projeto Senac", "Projeto Senac\Projeto Senac.csproj", "{D13116C6-4F4F-4E49-A2F9-070F4426456F}"
EndProject
Global
	GlobalSection(SolutionConfigurationPlatforms) = preSolution
		Debug|Any CPU = Debug|Any CPU
		Release|Any CPU = Release|Any CPU
	EndGlobalSection
	GlobalSection(ProjectConfigurationPlatforms) = postSolution
		{D13116C6-4F4F-4E49-A2F9-070F4426456F}.Debug|Any CPU.ActiveCfg = Debug|Any CPU
		{D13116C6-4F4F-4E49-A2F9-070F4426456F}.Debug|Any CPU.Build.0 = Debug|Any CPU
		{D13116C6-4F4F-4E49-A2F9-070F4426456F}.Release|Any CPU.ActiveCfg = Release|Any CPU
		{D13116C6-4F4F-4E49-A2F9-070F4426456F}.Release|Any CPU.Build.0 = Release|Any CPU
	EndGlobalSection
	GlobalSection(SolutionProperties) = preSolution
		HideSolutionNode = FALSE
	EndGlobalSection
	GlobalSection(ExtensibilityGlobals) = postSolution
		SolutionGuid = {34C1490C-F1E3-4696-8784-1C117F72C4D9}
	EndGlobalSection
EndGlobal
